// !$*UTF8*$!
{
	archiveVersion = 1;
	classes = {
	};
	objectVersion = 48;
	objects = {

/* Begin PBXBuildFile section */
		2F1523DD1B51264784633E3E /* game.hpp in Headers */ = {isa = PBXBuildFile; fileRef = 1E115A0D8A29413753D6D0D0 /* game.hpp */; };
		07C47F89737DEA33FCDC040E /* input.hpp in Headers */ = {isa = PBXBuildFile; fileRef = D6D8C3BAC2FE8D21AB4413ED /* input.hpp */; };
		3ACA0DC82632D4958F9DE8AB /* olcTemplate.hpp in Headers */ = {isa = PBXBuildFile; fileRef = 691ED247D5E2D0379E480102 /* olcTemplate.hpp */; };
		C72C4EF0B3D683FF9CA78B1A /* imgui_impl_pge.h in Headers */ = {isa = PBXBuildFile; fileRef = 561BC248C2E11E650B3DADC7 /* imgui_impl_pge.h */; };
		92EE29D57EAEBA79E7CBA284 /* olcPixelGameEngine.h in Headers */ = {isa = PBXBuildFile; fileRef = C1892C6F2DA61E60F67D8BCD /* olcPixelGameEngine.h */; };
		7E88B5496A8949C49351B648 /* olcPixelGameEngine.cpp in Sources */ = {isa = PBXBuildFile; fileRef = F691E268624F8B9FEB197707 /* olcPixelGameEngine.cpp */; };
		CEFABCE13A8A7ECC43865FE4 /* game.cpp in Sources */ = {isa = PBXBuildFile; fileRef = DD1EA4E6C95AA750326DBF47 /* game.cpp */; };
		9BA4F88F0734BA7A10309B92 /* main.cpp in Sources */ = {isa = PBXBuildFile; fileRef = 8A34BE247670C18EDF82D985 /* main.cpp */; };
		327AD18B1EF8212507F0DFBC /* olcTemplate.cpp in Sources */ = {isa = PBXBuildFile; fileRef = E16A5F104D85C2B196A7D245 /* olcTemplate.cpp */; };
		7B16A1C6E73293B7B00A0025 /* introRender.hpp in Headers */ = {isa = PBXBuildFile; fileRef = AA2CD4AA96D53BDABF6B5759 /* introRender.hpp */; };
		62247CB14EF9C36477A80361 /* mainMenuRender.hpp in Headers */ = {isa = PBXBuildFile; fileRef = D1898F3C3D9B37E3C6ECC922 /* mainMenuRender.hpp */; };
		2A0F2F4716B896763F4EB2F5 /* render.hpp in Headers */ = {isa = PBXBuildFile; fileRef = 99A83877050ECCFD8EE66DD6 /* render.hpp */; };
		2B77C29F97E904BCE07D3A40 /* introRender.cpp in Sources */ = {isa = PBXBuildFile; fileRef = DA26FEC3C665A83F6FE88471 /* introRender.cpp */; };
		1B316463079C246FB0B789D4 /* mainMenuRender.cpp in Sources */ = {isa = PBXBuildFile; fileRef = 6A16EE75D6FDD86BDFEBDAE7 /* mainMenuRender.cpp */; };
		774F6592E3600D396CB29F78 /* introState.hpp in Headers */ = {isa = PBXBuildFile; fileRef = 66DC969F525AE7383B52A5D0 /* introState.hpp */; };
		674423E853EE58F73CBF6012 /* mainMenuState.hpp in Headers */ = {isa = PBXBuildFile; fileRef = F6EE810B62B5DE27AB106D8A /* mainMenuState.hpp */; };
		0E57240A7A3E0F00832C117C /* introState.cpp in Sources */ = {isa = PBXBuildFile; fileRef = 1DF131730985271B724981CF /* introState.cpp */; };
		7E8747A46A47D848D364C053 /* mainMenuState.cpp in Sources */ = {isa = PBXBuildFile; fileRef = 2DDFFF7F99FBF17062D35EDE /* mainMenuState.cpp */; };
		0BA2F7E8F71F4882E017061A /* state.hpp in Headers */ = {isa = PBXBuildFile; fileRef = 63150AEBCF2F6D8C18527D20 /* state.hpp */; };
		383E8C8C2440D09C0DC3C695 /* imgui_impl_opengl2.cpp in Sources */ = {isa = PBXBuildFile; fileRef = 27A043FD93BE57CADC8B5DDC /* imgui_impl_opengl2.cpp */; };
		9F2BAA078BC2ECBC347763BD /* imgui_impl_opengl2.h in Headers */ = {isa = PBXBuildFile; fileRef = 6EDD985ADA70FA08E3576ABF /* imgui_impl_opengl2.h */; };
		C1DE418E2DA59EAA76002D0D /* imconfig.h in Headers */ = {isa = PBXBuildFile; fileRef = B029D3679C3CD3C04526B0AD /* imconfig.h */; };
		847E74157027DC4499BDF7C3 /* imgui.cpp in Sources */ = {isa = PBXBuildFile; fileRef = B3974A151FFDDD9BA8D57F74 /* imgui.cpp */; };
		6BABACDE5729FD774021BB0F /* imgui.h in Headers */ = {isa = PBXBuildFile; fileRef = 7AB4BFD9E6CE227B2FF1320F /* imgui.h */; };
		4CF00B69B80CFE5981E46AC7 /* imgui_demo.cpp in Sources */ = {isa = PBXBuildFile; fileRef = DB5F1AA8C70882D7F09E9D56 /* imgui_demo.cpp */; };
		17E78651830379424CDBE5AF /* imgui_draw.cpp in Sources */ = {isa = PBXBuildFile; fileRef = C62BD29AB2D439CADB6A5549 /* imgui_draw.cpp */; };
		CDF1703C39D95B3242C75DAE /* imgui_internal.h in Headers */ = {isa = PBXBuildFile; fileRef = 7C18741568AC69BDD170C371 /* imgui_internal.h */; };
		DFB614F24B9EFFE7548C0164 /* imgui_tables.cpp in Sources */ = {isa = PBXBuildFile; fileRef = 4EEAF1243A7EE7CCA3424181 /* imgui_tables.cpp */; };
		9D6E2A9C8943724FB2F2B14B /* imgui_widgets.cpp in Sources */ = {isa = PBXBuildFile; fileRef = 2CC3CC6E98D4741521260755 /* imgui_widgets.cpp */; };
		1EE495478ACB803D93B982B9 /* imstb_rectpack.h in Headers */ = {isa = PBXBuildFile; fileRef = 2D14232819A818D0826C7284 /* imstb_rectpack.h */; };
		BE1003D72AF8EDCC33E6EF48 /* imstb_textedit.h in Headers */ = {isa = PBXBuildFile; fileRef = CDDCD9D8B970CF8022352935 /* imstb_textedit.h */; };
		37C2ABD5A3A996CBAC979847 /* imstb_truetype.h in Headers */ = {isa = PBXBuildFile; fileRef = A67E46EB92123C93FBD69547 /* imstb_truetype.h */; };
		AA60B5B0167DA7A1DF54140F /* lauxlib.h in Headers */ = {isa = PBXBuildFile; fileRef = 799D06C165466EF08EDC896F /* lauxlib.h */; };
		9DCD2C090994892552EF1788 /* lua.h in Headers */ = {isa = PBXBuildFile; fileRef = 0C5F5A3EF8715A97A15B3784 /* lua.h */; };
		FF9374E56BA51C8CF4F6AECB /* lua.hpp in Headers */ = {isa = PBXBuildFile; fileRef = EE2BDF60DAA92FFAC3A1ED91 /* lua.hpp */; };
		E7C8119453E503851CBD70F2 /* luaconf.h in Headers */ = {isa = PBXBuildFile; fileRef = 96ABC49182542CC1ABEA4740 /* luaconf.h */; };
		F1921CF2DDD1C66D8654A39F /* lualib.h in Headers */ = {isa = PBXBuildFile; fileRef = 800B85FAEC46E5BDF53B624D /* lualib.h */; };
		B572846D21842C14AAD5BE53 /* config.hpp in Headers */ = {isa = PBXBuildFile; fileRef = E4800512D0FE55ABB9F61343 /* config.hpp */; };
		9283E27A7E96E2D32780BFC0 /* sol.hpp in Headers */ = {isa = PBXBuildFile; fileRef = 81646646EDF32731F6EF0849 /* sol.hpp */; };
		71A450D9DD3312C4E62FF3DB /* OpenGL.framework in Frameworks */ = {isa = PBXBuildFile; fileRef = E297F0EB4E06466B97EF006B /* OpenGL.framework */; };
		ABDB80709796701C404EE966 /* OpenGL.framework in CopyFiles */ = {isa = PBXBuildFile; fileRef = E297F0EB4E06466B97EF006B /* OpenGL.framework */; settings = {ATTRIBUTES = (CodeSignOnCopy, ); }; };
		AAC4DCA51689DB95DFEE0B60 /* GLUT.framework in Frameworks */ = {isa = PBXBuildFile; fileRef = 9927223385780D75AEDCFB36 /* GLUT.framework */; };
		62EDF0A54EFD9C76B7B60195 /* GLUT.framework in CopyFiles */ = {isa = PBXBuildFile; fileRef = 9927223385780D75AEDCFB36 /* GLUT.framework */; settings = {ATTRIBUTES = (CodeSignOnCopy, ); }; };
		85AC0132F13BC31CFA37A434 /* Carbon.framework in Frameworks */ = {isa = PBXBuildFile; fileRef = 54EE2361402A27CBA93C3FC2 /* Carbon.framework */; };
		BB63516CA71E411850D6B962 /* Carbon.framework in CopyFiles */ = {isa = PBXBuildFile; fileRef = 54EE2361402A27CBA93C3FC2 /* Carbon.framework */; settings = {ATTRIBUTES = (CodeSignOnCopy, ); }; };
/* End PBXBuildFile section */

/* Begin PBXFileReference section */
		1E115A0D8A29413753D6D0D0 /* game.hpp */ = {isa = PBXFileReference; lastKnownFileType = sourcecode.cpp.h; name = "game.hpp"; path = "game.hpp"; sourceTree = "<group>"; };
		D6D8C3BAC2FE8D21AB4413ED /* input.hpp */ = {isa = PBXFileReference; lastKnownFileType = sourcecode.cpp.h; name = "input.hpp"; path = "input.hpp"; sourceTree = "<group>"; };
		691ED247D5E2D0379E480102 /* olcTemplate.hpp */ = {isa = PBXFileReference; lastKnownFileType = sourcecode.cpp.h; name = "olcTemplate.hpp"; path = "olcTemplate.hpp"; sourceTree = "<group>"; };
		561BC248C2E11E650B3DADC7 /* imgui_impl_pge.h */ = {isa = PBXFileReference; lastKnownFileType = sourcecode.c.h; name = "imgui_impl_pge.h"; path = "imgui_impl_pge.h"; sourceTree = "<group>"; };
		C1892C6F2DA61E60F67D8BCD /* olcPixelGameEngine.h */ = {isa = PBXFileReference; lastKnownFileType = sourcecode.c.h; name = "olcPixelGameEngine.h"; path = "olcPixelGameEngine.h"; sourceTree = "<group>"; };
		F691E268624F8B9FEB197707 /* olcPixelGameEngine.cpp */ = {isa = PBXFileReference; lastKnownFileType = sourcecode.cpp.cpp; name = "olcPixelGameEngine.cpp"; path = "olcPixelGameEngine.cpp"; sourceTree = "<group>"; };
		DD1EA4E6C95AA750326DBF47 /* game.cpp */ = {isa = PBXFileReference; lastKnownFileType = sourcecode.cpp.cpp; name = "game.cpp"; path = "game.cpp"; sourceTree = "<group>"; };
		8A34BE247670C18EDF82D985 /* main.cpp */ = {isa = PBXFileReference; lastKnownFileType = sourcecode.cpp.cpp; name = "main.cpp"; path = "main.cpp"; sourceTree = "<group>"; };
		E16A5F104D85C2B196A7D245 /* olcTemplate.cpp */ = {isa = PBXFileReference; lastKnownFileType = sourcecode.cpp.cpp; name = "olcTemplate.cpp"; path = "olcTemplate.cpp"; sourceTree = "<group>"; };
		AA2CD4AA96D53BDABF6B5759 /* introRender.hpp */ = {isa = PBXFileReference; lastKnownFileType = sourcecode.cpp.h; name = "introRender.hpp"; path = "introRender.hpp"; sourceTree = "<group>"; };
		D1898F3C3D9B37E3C6ECC922 /* mainMenuRender.hpp */ = {isa = PBXFileReference; lastKnownFileType = sourcecode.cpp.h; name = "mainMenuRender.hpp"; path = "mainMenuRender.hpp"; sourceTree = "<group>"; };
		99A83877050ECCFD8EE66DD6 /* render.hpp */ = {isa = PBXFileReference; lastKnownFileType = sourcecode.cpp.h; name = "render.hpp"; path = "render.hpp"; sourceTree = "<group>"; };
		DA26FEC3C665A83F6FE88471 /* introRender.cpp */ = {isa = PBXFileReference; lastKnownFileType = sourcecode.cpp.cpp; name = "introRender.cpp"; path = "introRender.cpp"; sourceTree = "<group>"; };
		6A16EE75D6FDD86BDFEBDAE7 /* mainMenuRender.cpp */ = {isa = PBXFileReference; lastKnownFileType = sourcecode.cpp.cpp; name = "mainMenuRender.cpp"; path = "mainMenuRender.cpp"; sourceTree = "<group>"; };
		66DC969F525AE7383B52A5D0 /* introState.hpp */ = {isa = PBXFileReference; lastKnownFileType = sourcecode.cpp.h; name = "introState.hpp"; path = "introState.hpp"; sourceTree = "<group>"; };
		F6EE810B62B5DE27AB106D8A /* mainMenuState.hpp */ = {isa = PBXFileReference; lastKnownFileType = sourcecode.cpp.h; name = "mainMenuState.hpp"; path = "mainMenuState.hpp"; sourceTree = "<group>"; };
		1DF131730985271B724981CF /* introState.cpp */ = {isa = PBXFileReference; lastKnownFileType = sourcecode.cpp.cpp; name = "introState.cpp"; path = "introState.cpp"; sourceTree = "<group>"; };
		2DDFFF7F99FBF17062D35EDE /* mainMenuState.cpp */ = {isa = PBXFileReference; lastKnownFileType = sourcecode.cpp.cpp; name = "mainMenuState.cpp"; path = "mainMenuState.cpp"; sourceTree = "<group>"; };
		63150AEBCF2F6D8C18527D20 /* state.hpp */ = {isa = PBXFileReference; lastKnownFileType = sourcecode.cpp.h; name = "state.hpp"; path = "state.hpp"; sourceTree = "<group>"; };
		27A043FD93BE57CADC8B5DDC /* imgui_impl_opengl2.cpp */ = {isa = PBXFileReference; lastKnownFileType = sourcecode.cpp.cpp; name = "imgui_impl_opengl2.cpp"; path = "imgui_impl_opengl2.cpp"; sourceTree = "<group>"; };
		6EDD985ADA70FA08E3576ABF /* imgui_impl_opengl2.h */ = {isa = PBXFileReference; lastKnownFileType = sourcecode.c.h; name = "imgui_impl_opengl2.h"; path = "imgui_impl_opengl2.h"; sourceTree = "<group>"; };
		B029D3679C3CD3C04526B0AD /* imconfig.h */ = {isa = PBXFileReference; lastKnownFileType = sourcecode.c.h; name = "imconfig.h"; path = "imconfig.h"; sourceTree = "<group>"; };
		B3974A151FFDDD9BA8D57F74 /* imgui.cpp */ = {isa = PBXFileReference; lastKnownFileType = sourcecode.cpp.cpp; name = "imgui.cpp"; path = "imgui.cpp"; sourceTree = "<group>"; };
		7AB4BFD9E6CE227B2FF1320F /* imgui.h */ = {isa = PBXFileReference; lastKnownFileType = sourcecode.c.h; name = "imgui.h"; path = "imgui.h"; sourceTree = "<group>"; };
		DB5F1AA8C70882D7F09E9D56 /* imgui_demo.cpp */ = {isa = PBXFileReference; lastKnownFileType = sourcecode.cpp.cpp; name = "imgui_demo.cpp"; path = "imgui_demo.cpp"; sourceTree = "<group>"; };
		C62BD29AB2D439CADB6A5549 /* imgui_draw.cpp */ = {isa = PBXFileReference; lastKnownFileType = sourcecode.cpp.cpp; name = "imgui_draw.cpp"; path = "imgui_draw.cpp"; sourceTree = "<group>"; };
		7C18741568AC69BDD170C371 /* imgui_internal.h */ = {isa = PBXFileReference; lastKnownFileType = sourcecode.c.h; name = "imgui_internal.h"; path = "imgui_internal.h"; sourceTree = "<group>"; };
		4EEAF1243A7EE7CCA3424181 /* imgui_tables.cpp */ = {isa = PBXFileReference; lastKnownFileType = sourcecode.cpp.cpp; name = "imgui_tables.cpp"; path = "imgui_tables.cpp"; sourceTree = "<group>"; };
		2CC3CC6E98D4741521260755 /* imgui_widgets.cpp */ = {isa = PBXFileReference; lastKnownFileType = sourcecode.cpp.cpp; name = "imgui_widgets.cpp"; path = "imgui_widgets.cpp"; sourceTree = "<group>"; };
		2D14232819A818D0826C7284 /* imstb_rectpack.h */ = {isa = PBXFileReference; lastKnownFileType = sourcecode.c.h; name = "imstb_rectpack.h"; path = "imstb_rectpack.h"; sourceTree = "<group>"; };
		CDDCD9D8B970CF8022352935 /* imstb_textedit.h */ = {isa = PBXFileReference; lastKnownFileType = sourcecode.c.h; name = "imstb_textedit.h"; path = "imstb_textedit.h"; sourceTree = "<group>"; };
		A67E46EB92123C93FBD69547 /* imstb_truetype.h */ = {isa = PBXFileReference; lastKnownFileType = sourcecode.c.h; name = "imstb_truetype.h"; path = "imstb_truetype.h"; sourceTree = "<group>"; };
		799D06C165466EF08EDC896F /* lauxlib.h */ = {isa = PBXFileReference; lastKnownFileType = sourcecode.c.h; name = "lauxlib.h"; path = "lauxlib.h"; sourceTree = "<group>"; };
		0C5F5A3EF8715A97A15B3784 /* lua.h */ = {isa = PBXFileReference; lastKnownFileType = sourcecode.c.h; name = "lua.h"; path = "lua.h"; sourceTree = "<group>"; };
		EE2BDF60DAA92FFAC3A1ED91 /* lua.hpp */ = {isa = PBXFileReference; lastKnownFileType = sourcecode.cpp.h; name = "lua.hpp"; path = "lua.hpp"; sourceTree = "<group>"; };
		96ABC49182542CC1ABEA4740 /* luaconf.h */ = {isa = PBXFileReference; lastKnownFileType = sourcecode.c.h; name = "luaconf.h"; path = "luaconf.h"; sourceTree = "<group>"; };
		800B85FAEC46E5BDF53B624D /* lualib.h */ = {isa = PBXFileReference; lastKnownFileType = sourcecode.c.h; name = "lualib.h"; path = "lualib.h"; sourceTree = "<group>"; };
		E4800512D0FE55ABB9F61343 /* config.hpp */ = {isa = PBXFileReference; lastKnownFileType = sourcecode.cpp.h; name = "config.hpp"; path = "config.hpp"; sourceTree = "<group>"; };
		81646646EDF32731F6EF0849 /* sol.hpp */ = {isa = PBXFileReference; lastKnownFileType = sourcecode.cpp.h; name = "sol.hpp"; path = "sol.hpp"; sourceTree = "<group>"; };
		E297F0EB4E06466B97EF006B /* OpenGL.framework */ = {isa = PBXFileReference; lastKnownFileType = wrapper.framework; name = "OpenGL.framework"; path = "/System/Library/Frameworks/OpenGL.framework"; sourceTree = "<absolute>"; };
		9927223385780D75AEDCFB36 /* GLUT.framework */ = {isa = PBXFileReference; lastKnownFileType = wrapper.framework; name = "GLUT.framework"; path = "/System/Library/Frameworks/GLUT.framework"; sourceTree = "<absolute>"; };
		54EE2361402A27CBA93C3FC2 /* Carbon.framework */ = {isa = PBXFileReference; lastKnownFileType = wrapper.framework; name = "Carbon.framework"; path = "/System/Library/Frameworks/Carbon.framework"; sourceTree = "<absolute>"; };
		E841427CD4D0CB457DEFDF40 /* OlcTemplate */ = {isa = PBXFileReference; explicitFileType = "compiled.mach-o.executable"; includeInIndex = 0; name = "OlcTemplate"; path = "OlcTemplate"; sourceTree = BUILT_PRODUCTS_DIR; };
/* End PBXFileReference section */

/* Begin PBXFrameworksBuildPhase section */
		D25E2269BEC6E8362732FD4C /* Frameworks */ = {
			isa = PBXFrameworksBuildPhase;
			buildActionMask = 2147483647;
			files = (
				71A450D9DD3312C4E62FF3DB /* OpenGL.framework in Frameworks */,
				AAC4DCA51689DB95DFEE0B60 /* GLUT.framework in Frameworks */,
				85AC0132F13BC31CFA37A434 /* Carbon.framework in Frameworks */,
			);
			runOnlyForDeploymentPostprocessing = 0;
		};
/* End PBXFrameworksBuildPhase section */

/* Begin PBXGroup section */
		5D6D9D7CC97ACB625261C74D /* OlcTemplate */ = {
			isa = PBXGroup;
			children = (
				FE14D64EEAA35F1893C27313 /* game */,
				577AD832430962FCEC2776F7 /* sdk */,
				A10E247B0D1C526196024E4C /* Frameworks */,
				393C82FE254C2ECF8E0593ED /* Products */,
			);
			name = "OlcTemplate";
			path = "..";
			sourceTree = "<group>";
		};
		FE14D64EEAA35F1893C27313 /* game */ = {
			isa = PBXGroup;
			children = (
				1E115A0D8A29413753D6D0D0 /* game.hpp */,
				D6D8C3BAC2FE8D21AB4413ED /* input.hpp */,
				691ED247D5E2D0379E480102 /* olcTemplate.hpp */,
				E34029084F035D9298B3EB1E /* src */,
			);
			name = "game";
			path = "game";
			sourceTree = "<group>";
		};
		E34029084F035D9298B3EB1E /* src */ = {
			isa = PBXGroup;
			children = (
				894D2452759E0F949E02FE55 /* engine */,
				DD1EA4E6C95AA750326DBF47 /* game.cpp */,
				8A34BE247670C18EDF82D985 /* main.cpp */,
				E16A5F104D85C2B196A7D245 /* olcTemplate.cpp */,
				1886E7B504D7D2F72D3BC1B9 /* render */,
				FCFCB8DB68E0C71B71E3F557 /* state */,
			);
			name = "src";
			path = "src";
			sourceTree = "<group>";
		};
		894D2452759E0F949E02FE55 /* engine */ = {
			isa = PBXGroup;
			children = (
				561BC248C2E11E650B3DADC7 /* imgui_impl_pge.h */,
				C1892C6F2DA61E60F67D8BCD /* olcPixelGameEngine.h */,
				C5124629B1F907215A4A6E3E /* src */,
			);
			name = "engine";
			path = "engine";
			sourceTree = "<group>";
		};
		C5124629B1F907215A4A6E3E /* src */ = {
			isa = PBXGroup;
			children = (
				F691E268624F8B9FEB197707 /* olcPixelGameEngine.cpp */,
			);
			name = "src";
			path = "src";
			sourceTree = "<group>";
		};
		1886E7B504D7D2F72D3BC1B9 /* render */ = {
			isa = PBXGroup;
			children = (
				AA2CD4AA96D53BDABF6B5759 /* introRender.hpp */,
				D1898F3C3D9B37E3C6ECC922 /* mainMenuRender.hpp */,
				99A83877050ECCFD8EE66DD6 /* render.hpp */,
				AD7B3D439962FF3A42B36558 /* src */,
			);
			name = "render";
			path = "render";
			sourceTree = "<group>";
		};
		AD7B3D439962FF3A42B36558 /* src */ = {
			isa = PBXGroup;
			children = (
				DA26FEC3C665A83F6FE88471 /* introRender.cpp */,
				6A16EE75D6FDD86BDFEBDAE7 /* mainMenuRender.cpp */,
			);
			name = "src";
			path = "src";
			sourceTree = "<group>";
		};
		FCFCB8DB68E0C71B71E3F557 /* state */ = {
			isa = PBXGroup;
			children = (
				66DC969F525AE7383B52A5D0 /* introState.hpp */,
				F6EE810B62B5DE27AB106D8A /* mainMenuState.hpp */,
				8F538765FB0CF20F846C0CEA /* src */,
				63150AEBCF2F6D8C18527D20 /* state.hpp */,
			);
			name = "state";
			path = "state";
			sourceTree = "<group>";
		};
		8F538765FB0CF20F846C0CEA /* src */ = {
			isa = PBXGroup;
			children = (
				1DF131730985271B724981CF /* introState.cpp */,
				2DDFFF7F99FBF17062D35EDE /* mainMenuState.cpp */,
			);
			name = "src";
			path = "src";
			sourceTree = "<group>";
		};
		577AD832430962FCEC2776F7 /* sdk */ = {
			isa = PBXGroup;
			children = (
				B925B98825940E086E7DC907 /* imgui-1.90.4 */,
				4E3661913A5C2BF823A2B0C3 /* lua-5.4.2 */,
				AA3CE8191620F7591F232596 /* sol2-3.3.0 */,
			);
			name = "sdk";
			path = "sdk";
			sourceTree = "<group>";
		};
		B925B98825940E086E7DC907 /* imgui-1.90.4 */ = {
			isa = PBXGroup;
			children = (
				44E859C03050208E99BB34A4 /* backends */,
				B029D3679C3CD3C04526B0AD /* imconfig.h */,
				B3974A151FFDDD9BA8D57F74 /* imgui.cpp */,
				7AB4BFD9E6CE227B2FF1320F /* imgui.h */,
				DB5F1AA8C70882D7F09E9D56 /* imgui_demo.cpp */,
				C62BD29AB2D439CADB6A5549 /* imgui_draw.cpp */,
				7C18741568AC69BDD170C371 /* imgui_internal.h */,
				4EEAF1243A7EE7CCA3424181 /* imgui_tables.cpp */,
				2CC3CC6E98D4741521260755 /* imgui_widgets.cpp */,
				2D14232819A818D0826C7284 /* imstb_rectpack.h */,
				CDDCD9D8B970CF8022352935 /* imstb_textedit.h */,
				A67E46EB92123C93FBD69547 /* imstb_truetype.h */,
			);
			name = "imgui-1.90.4";
			path = "imgui-1.90.4";
			sourceTree = "<group>";
		};
		44E859C03050208E99BB34A4 /* backends */ = {
			isa = PBXGroup;
			children = (
				27A043FD93BE57CADC8B5DDC /* imgui_impl_opengl2.cpp */,
				6EDD985ADA70FA08E3576ABF /* imgui_impl_opengl2.h */,
			);
			name = "backends";
			path = "backends";
			sourceTree = "<group>";
		};
		4E3661913A5C2BF823A2B0C3 /* lua-5.4.2 */ = {
			isa = PBXGroup;
			children = (
				2229ECB60E7BC3A6F79900B7 /* include */,
			);
			name = "lua-5.4.2";
			path = "lua-5.4.2";
			sourceTree = "<group>";
		};
		2229ECB60E7BC3A6F79900B7 /* include */ = {
			isa = PBXGroup;
			children = (
				799D06C165466EF08EDC896F /* lauxlib.h */,
				0C5F5A3EF8715A97A15B3784 /* lua.h */,
				EE2BDF60DAA92FFAC3A1ED91 /* lua.hpp */,
				96ABC49182542CC1ABEA4740 /* luaconf.h */,
				800B85FAEC46E5BDF53B624D /* lualib.h */,
			);
			name = "include";
			path = "include";
			sourceTree = "<group>";
		};
		AA3CE8191620F7591F232596 /* sol2-3.3.0 */ = {
			isa = PBXGroup;
			children = (
				A8CF5E8B1489C9359DE8E30F /* sol */,
				81646646EDF32731F6EF0849 /* sol.hpp */,
			);
			name = "sol2-3.3.0";
			path = "sol2-3.3.0";
			sourceTree = "<group>";
		};
		A8CF5E8B1489C9359DE8E30F /* sol */ = {
			isa = PBXGroup;
			children = (
				E4800512D0FE55ABB9F61343 /* config.hpp */,
			);
			name = "sol";
			path = "sol";
			sourceTree = "<group>";
		};
		A10E247B0D1C526196024E4C /* Frameworks */ = {
			isa = PBXGroup;
			children = (
				E297F0EB4E06466B97EF006B /* OpenGL.framework */,
				9927223385780D75AEDCFB36 /* GLUT.framework */,
				54EE2361402A27CBA93C3FC2 /* Carbon.framework */,
			);
			name = "Frameworks";
			sourceTree = "<group>";
		};
		393C82FE254C2ECF8E0593ED /* Products */ = {
			isa = PBXGroup;
			children = (
				E841427CD4D0CB457DEFDF40 /* OlcTemplate */,
			);
			name = "Products";
			sourceTree = "<group>";
		};
/* End PBXGroup section */

/* Begin PBXNativeTarget section */
		CE94A8133AF68521C363CCD3 /* OlcTemplate */ = {
			isa = PBXNativeTarget;
			buildConfigurationList = 8E514EE17AB914AFE32429C5 /* Build configuration list for PBXNativeTarget "OlcTemplate" */;
			buildPhases = (
				B090EA639CF8B0310564C547 /* Resources */,
				E89586E6D4FD4CB43D6961CA /* Sources */,
				D25E2269BEC6E8362732FD4C /* Frameworks */,
			);
			buildRules = (
			);
			dependencies = (
			);
			name = "OlcTemplate";
			productInstallPath = "$(HOME)/bin";
			productName = "OlcTemplate";
			productReference = E841427CD4D0CB457DEFDF40 /* OlcTemplate */;
			productType = "com.apple.product-type.tool";
		};
/* End PBXNativeTarget section */

/* Begin PBXProject section */
		__RootObject_ /* Project object */ = {
			isa = PBXProject;
			buildConfigurationList = 1DEB928908733DD80010E9CD /* Build configuration list for PBXProject "OlcTemplate" */;
			compatibilityVersion = "Xcode 8.0";
			hasScannedForEncodings = 1;
			mainGroup = 5D6D9D7CC97ACB625261C74D /* OlcTemplate */;
			projectDirPath = "";
			projectRoot = "";
			targets = (
				CE94A8133AF68521C363CCD3 /* OlcTemplate */,
			);
		};
/* End PBXProject section */

/* Begin PBXResourcesBuildPhase section */
		B090EA639CF8B0310564C547 /* Resources */ = {
			isa = PBXResourcesBuildPhase;
			buildActionMask = 2147483647;
			files = (
			);
			runOnlyForDeploymentPostprocessing = 0;
		};
/* End PBXResourcesBuildPhase section */

/* Begin PBXSourcesBuildPhase section */
		E89586E6D4FD4CB43D6961CA /* Sources */ = {
			isa = PBXSourcesBuildPhase;
			buildActionMask = 2147483647;
			files = (
				7E88B5496A8949C49351B648 /* olcPixelGameEngine.cpp in Sources */,
				CEFABCE13A8A7ECC43865FE4 /* game.cpp in Sources */,
				9BA4F88F0734BA7A10309B92 /* main.cpp in Sources */,
				327AD18B1EF8212507F0DFBC /* olcTemplate.cpp in Sources */,
				2B77C29F97E904BCE07D3A40 /* introRender.cpp in Sources */,
				1B316463079C246FB0B789D4 /* mainMenuRender.cpp in Sources */,
				0E57240A7A3E0F00832C117C /* introState.cpp in Sources */,
				7E8747A46A47D848D364C053 /* mainMenuState.cpp in Sources */,
				383E8C8C2440D09C0DC3C695 /* imgui_impl_opengl2.cpp in Sources */,
				847E74157027DC4499BDF7C3 /* imgui.cpp in Sources */,
				4CF00B69B80CFE5981E46AC7 /* imgui_demo.cpp in Sources */,
				17E78651830379424CDBE5AF /* imgui_draw.cpp in Sources */,
				DFB614F24B9EFFE7548C0164 /* imgui_tables.cpp in Sources */,
				9D6E2A9C8943724FB2F2B14B /* imgui_widgets.cpp in Sources */,
			);
			runOnlyForDeploymentPostprocessing = 0;
		};
/* End PBXSourcesBuildPhase section */

/* Begin PBXVariantGroup section */
/* End PBXVariantGroup section */

/* Begin XCBuildConfiguration section */
		1EF3C6470AAEB6F3B3652F3E /* Debug */ = {
			isa = XCBuildConfiguration;
			buildSettings = {
				ALWAYS_SEARCH_USER_PATHS = NO;
				CLANG_ENABLE_OBJC_WEAK = YES;
				CODE_SIGN_IDENTITY = "-";
				CONFIGURATION_BUILD_DIR = bin/Debug;
				GCC_DYNAMIC_NO_PIC = NO;
				GCC_MODEL_TUNING = G5;
				INSTALL_PATH = /usr/local/bin;
				PRODUCT_NAME = OlcTemplate;
			};
			name = Debug;
		};
		17C0D06E83CDFE540CB4FA3F /* Test */ = {
			isa = XCBuildConfiguration;
			buildSettings = {
				ALWAYS_SEARCH_USER_PATHS = NO;
				CLANG_ENABLE_OBJC_WEAK = YES;
				CODE_SIGN_IDENTITY = "-";
				CONFIGURATION_BUILD_DIR = bin/Test;
				GCC_DYNAMIC_NO_PIC = NO;
				GCC_MODEL_TUNING = G5;
				INSTALL_PATH = /usr/local/bin;
				PRODUCT_NAME = OlcTemplate;
			};
			name = Test;
		};
		D8A9AB8BC4CF75F2AD15FBBD /* Release */ = {
			isa = XCBuildConfiguration;
			buildSettings = {
				ALWAYS_SEARCH_USER_PATHS = NO;
				CLANG_ENABLE_OBJC_WEAK = YES;
				CODE_SIGN_IDENTITY = "-";
				CONFIGURATION_BUILD_DIR = bin/Release;
				DEBUG_INFORMATION_FORMAT = "dwarf-with-dsym";
				GCC_DYNAMIC_NO_PIC = NO;
				GCC_MODEL_TUNING = G5;
				INSTALL_PATH = /usr/local/bin;
				PRODUCT_NAME = OlcTemplate;
			};
			name = Release;
		};
		CE9B9386BA035A54236F6E6A /* Debug */ = {
			isa = XCBuildConfiguration;
			buildSettings = {
				CLANG_CXX_LANGUAGE_STANDARD = "c++17";
				CLANG_WARN_BLOCK_CAPTURE_AUTORELEASING = YES;
				CLANG_WARN_BOOL_CONVERSION = YES;
				CLANG_WARN_COMMA = YES;
				CLANG_WARN_CONSTANT_CONVERSION = YES;
				CLANG_WARN_DEPRECATED_OBJC_IMPLEMENTATIONS = YES;
				CLANG_WARN_EMPTY_BODY = YES;
				CLANG_WARN_ENUM_CONVERSION = YES;
				CLANG_WARN_INFINITE_RECURSION = YES;
				CLANG_WARN_INT_CONVERSION = YES;
				CLANG_WARN_NON_LITERAL_NULL_CONVERSION = YES;
				CLANG_WARN_OBJC_IMPLICIT_RETAIN_SELF = YES;
				CLANG_WARN_OBJC_LITERAL_CONVERSION = YES;
				CLANG_WARN_RANGE_LOOP_ANALYSIS = YES;
				CLANG_WARN_STRICT_PROTOTYPES = YES;
				CLANG_WARN_SUSPICIOUS_MOVE = YES;
				CLANG_WARN_UNREACHABLE_CODE = YES;
				CLANG_WARN__DUPLICATE_METHOD_MATCH = YES;
				CONFIGURATION_BUILD_DIR = "$(SYMROOT)";
				CONFIGURATION_TEMP_DIR = "$(OBJROOT)";
				COPY_PHASE_STRIP = NO;
				ENABLE_BITCODE = NO;
				ENABLE_STRICT_OBJC_MSGSEND = YES;
				ENABLE_TESTABILITY = YES;
				GCC_C_LANGUAGE_STANDARD = gnu99;
				GCC_ENABLE_FIX_AND_CONTINUE = YES;
				GCC_NO_COMMON_BLOCKS = YES;
				GCC_OPTIMIZATION_LEVEL = 0;
				GCC_SYMBOLS_PRIVATE_EXTERN = NO;
				GCC_WARN_64_TO_32_BIT_CONVERSION = YES;
				GCC_WARN_ABOUT_RETURN_TYPE = YES;
				GCC_WARN_UNDECLARED_SELECTOR = YES;
				GCC_WARN_UNINITIALIZED_AUTOS = YES;
				GCC_WARN_UNUSED_FUNCTION = YES;
				GCC_WARN_UNUSED_VARIABLE = YES;
				HEADER_SEARCH_PATHS = (
					..,
					../../../../../opt/homebrew/include,
					"../sdk/imgui-1.90.4",
					"../sdk/imgui-1.90.4/backends",
					"../sdk/sol2-3.3.0",
					"../sdk/lua-5.4.2/include",
				);
				LIBRARY_SEARCH_PATHS = (
					../../../../../opt/homebrew/lib,
				);
				OBJROOT = obj/Debug;
				ONLY_ACTIVE_ARCH = YES;
				OTHER_CPLUSPLUSFLAGS = (
					"-Wall",
				);
				OTHER_LDFLAGS = (
					"-lfreetype",
					"-lpng",
				);
				SDKROOT = macosx;
				SYMROOT = bin/Debug;
			};
			name = Debug;
		};
		48FE6EB3B418D254FD3AE2E8 /* Test */ = {
			isa = XCBuildConfiguration;
			buildSettings = {
				CLANG_CXX_LANGUAGE_STANDARD = "c++17";
				CLANG_WARN_BLOCK_CAPTURE_AUTORELEASING = YES;
				CLANG_WARN_BOOL_CONVERSION = YES;
				CLANG_WARN_COMMA = YES;
				CLANG_WARN_CONSTANT_CONVERSION = YES;
				CLANG_WARN_DEPRECATED_OBJC_IMPLEMENTATIONS = YES;
				CLANG_WARN_EMPTY_BODY = YES;
				CLANG_WARN_ENUM_CONVERSION = YES;
				CLANG_WARN_INFINITE_RECURSION = YES;
				CLANG_WARN_INT_CONVERSION = YES;
				CLANG_WARN_NON_LITERAL_NULL_CONVERSION = YES;
				CLANG_WARN_OBJC_IMPLICIT_RETAIN_SELF = YES;
				CLANG_WARN_OBJC_LITERAL_CONVERSION = YES;
				CLANG_WARN_RANGE_LOOP_ANALYSIS = YES;
				CLANG_WARN_STRICT_PROTOTYPES = YES;
				CLANG_WARN_SUSPICIOUS_MOVE = YES;
				CLANG_WARN_UNREACHABLE_CODE = YES;
				CLANG_WARN__DUPLICATE_METHOD_MATCH = YES;
				CONFIGURATION_BUILD_DIR = "$(SYMROOT)";
				CONFIGURATION_TEMP_DIR = "$(OBJROOT)";
				COPY_PHASE_STRIP = NO;
				ENABLE_BITCODE = NO;
				ENABLE_STRICT_OBJC_MSGSEND = YES;
				ENABLE_TESTABILITY = YES;
				GCC_C_LANGUAGE_STANDARD = gnu99;
				GCC_ENABLE_FIX_AND_CONTINUE = YES;
				GCC_NO_COMMON_BLOCKS = YES;
				GCC_OPTIMIZATION_LEVEL = 0;
				GCC_PREPROCESSOR_DEFINITIONS = (
					RUN_TESTS,
				);
				GCC_SYMBOLS_PRIVATE_EXTERN = NO;
				GCC_WARN_64_TO_32_BIT_CONVERSION = YES;
				GCC_WARN_ABOUT_RETURN_TYPE = YES;
				GCC_WARN_UNDECLARED_SELECTOR = YES;
				GCC_WARN_UNINITIALIZED_AUTOS = YES;
				GCC_WARN_UNUSED_FUNCTION = YES;
				GCC_WARN_UNUSED_VARIABLE = YES;
				HEADER_SEARCH_PATHS = (
					..,
					../../../../../opt/homebrew/include,
					"../sdk/imgui-1.90.4",
					"../sdk/imgui-1.90.4/backends",
					"../sdk/sol2-3.3.0",
					"../sdk/lua-5.4.2/include",
				);
				LIBRARY_SEARCH_PATHS = (
					../../../../../opt/homebrew/lib,
				);
				OBJROOT = obj/Test;
				ONLY_ACTIVE_ARCH = YES;
				OTHER_CPLUSPLUSFLAGS = (
					"-Wall",
				);
				OTHER_LDFLAGS = (
					"-lfreetype",
					"-lpng",
				);
				SDKROOT = macosx;
				SYMROOT = bin/Test;
			};
			name = Test;
		};
		4ACE027B36E102D4DFCADFC0 /* Release */ = {
			isa = XCBuildConfiguration;
			buildSettings = {
				CLANG_CXX_LANGUAGE_STANDARD = "c++17";
				CLANG_WARN_BLOCK_CAPTURE_AUTORELEASING = YES;
				CLANG_WARN_BOOL_CONVERSION = YES;
				CLANG_WARN_COMMA = YES;
				CLANG_WARN_CONSTANT_CONVERSION = YES;
				CLANG_WARN_DEPRECATED_OBJC_IMPLEMENTATIONS = YES;
				CLANG_WARN_EMPTY_BODY = YES;
				CLANG_WARN_ENUM_CONVERSION = YES;
				CLANG_WARN_INFINITE_RECURSION = YES;
				CLANG_WARN_INT_CONVERSION = YES;
				CLANG_WARN_NON_LITERAL_NULL_CONVERSION = YES;
				CLANG_WARN_OBJC_IMPLICIT_RETAIN_SELF = YES;
				CLANG_WARN_OBJC_LITERAL_CONVERSION = YES;
				CLANG_WARN_RANGE_LOOP_ANALYSIS = YES;
				CLANG_WARN_STRICT_PROTOTYPES = YES;
				CLANG_WARN_SUSPICIOUS_MOVE = YES;
				CLANG_WARN_UNREACHABLE_CODE = YES;
				CLANG_WARN__DUPLICATE_METHOD_MATCH = YES;
				CONFIGURATION_BUILD_DIR = "$(SYMROOT)";
				CONFIGURATION_TEMP_DIR = "$(OBJROOT)";
				ENABLE_BITCODE = NO;
				ENABLE_STRICT_OBJC_MSGSEND = YES;
				ENABLE_TESTABILITY = YES;
				GCC_C_LANGUAGE_STANDARD = gnu99;
				GCC_NO_COMMON_BLOCKS = YES;
				GCC_OPTIMIZATION_LEVEL = 3;
				GCC_SYMBOLS_PRIVATE_EXTERN = NO;
				GCC_WARN_64_TO_32_BIT_CONVERSION = YES;
				GCC_WARN_ABOUT_RETURN_TYPE = YES;
				GCC_WARN_UNDECLARED_SELECTOR = YES;
				GCC_WARN_UNINITIALIZED_AUTOS = YES;
				GCC_WARN_UNUSED_FUNCTION = YES;
				GCC_WARN_UNUSED_VARIABLE = YES;
				HEADER_SEARCH_PATHS = (
					..,
					..,
					../../../../../opt/homebrew/include,
					"../sdk/imgui-1.90.4",
					"../sdk/imgui-1.90.4/backends",
					"../sdk/sol2-3.3.0",
					"../sdk/lua-5.4.2/include",
				);
				LIBRARY_SEARCH_PATHS = (
					../../../../../opt/homebrew/lib,
				);
				OBJROOT = obj/Release;
				ONLY_ACTIVE_ARCH = YES;
				OTHER_CPLUSPLUSFLAGS = (
					"-Wall",
				);
				OTHER_LDFLAGS = (
					"-lfreetype",
					"-lpng",
				);
				SDKROOT = macosx;
				SYMROOT = bin/Release;
			};
			name = Release;
		};
/* End XCBuildConfiguration section */

/* Begin XCConfigurationList section */
		8E514EE17AB914AFE32429C5 /* Build configuration list for PBXNativeTarget "OlcTemplate" */ = {
			isa = XCConfigurationList;
			buildConfigurations = (
				1EF3C6470AAEB6F3B3652F3E /* Debug */,
				17C0D06E83CDFE540CB4FA3F /* Test */,
				D8A9AB8BC4CF75F2AD15FBBD /* Release */,
			);
			defaultConfigurationIsVisible = 0;
			defaultConfigurationName = "Debug";
		};
		1DEB928908733DD80010E9CD /* Build configuration list for PBXProject "OlcTemplate" */ = {
			isa = XCConfigurationList;
			buildConfigurations = (
				CE9B9386BA035A54236F6E6A /* Debug */,
				48FE6EB3B418D254FD3AE2E8 /* Test */,
				4ACE027B36E102D4DFCADFC0 /* Release */,
			);
			defaultConfigurationIsVisible = 0;
			defaultConfigurationName = "Debug";
		};
/* End XCConfigurationList section */

	};
	rootObject = __RootObject_ /* Project object */;
}
