// !$*UTF8*$!
{
	archiveVersion = 1;
	classes = {
	};
	objectVersion = 48;
	objects = {

/* Begin PBXBuildFile section */
		2F1523DD1B51264784633E3E /* game.hpp in Headers */ = {isa = PBXBuildFile; fileRef = 1E115A0D8A29413753D6D0D0 /* game.hpp */; };
		07C47F89737DEA33FCDC040E /* input.hpp in Headers */ = {isa = PBXBuildFile; fileRef = D6D8C3BAC2FE8D21AB4413ED /* input.hpp */; };
		3ACA0DC82632D4958F9DE8AB /* olcTemplate.hpp in Headers */ = {isa = PBXBuildFile; fileRef = 691ED247D5E2D0379E480102 /* olcTemplate.hpp */; };
		905370787C13011DE530E927 /* olcPixelGameEngine.h in Headers */ = {isa = PBXBuildFile; fileRef = FF57026E6B74F45E344C61CC /* olcPixelGameEngine.h */; };
		25680E971169A2113A310F96 /* olcPixelGameEngine.cpp in Sources */ = {isa = PBXBuildFile; fileRef = B496F57420549EABA91E8A13 /* olcPixelGameEngine.cpp */; };
		8C947783F823396E01201A86 /* game.cpp in Sources */ = {isa = PBXBuildFile; fileRef = 44A85FFC30E4626699F67A5D /* game.cpp */; };
		593EB331C5CD741CCEC95534 /* main.cpp in Sources */ = {isa = PBXBuildFile; fileRef = 883FA482747BA7ECDD8DBFE3 /* main.cpp */; };
		30F261691C70B2020568709A /* olcTemplate.cpp in Sources */ = {isa = PBXBuildFile; fileRef = 1F6C270B8B868AACD4A89A40 /* olcTemplate.cpp */; };
		CD5FC03AB908286AE29E43E9 /* render.hpp in Headers */ = {isa = PBXBuildFile; fileRef = 5C47D910C8AC6C9751850E70 /* render.hpp */; };
		C9199778B597E7119E8FA5A9 /* state.hpp in Headers */ = {isa = PBXBuildFile; fileRef = 613ED23ECD5835E0167B4574 /* state.hpp */; };
		0607E20FF258B9FFDB77F60F /* OpenGL.framework in Frameworks */ = {isa = PBXBuildFile; fileRef = 35749070A1E2E5EFEACBA0EF /* OpenGL.framework */; };
		ABDB80709796701C404EE966 /* OpenGL.framework in CopyFiles */ = {isa = PBXBuildFile; fileRef = 35749070A1E2E5EFEACBA0EF /* OpenGL.framework */; settings = {ATTRIBUTES = (CodeSignOnCopy, ); }; };
		FF7D1AD6EB64DCCD94B542EB /* GLUT.framework in Frameworks */ = {isa = PBXBuildFile; fileRef = CE77CC303A5BDB70435E09AD /* GLUT.framework */; };
		62EDF0A54EFD9C76B7B60195 /* GLUT.framework in CopyFiles */ = {isa = PBXBuildFile; fileRef = CE77CC303A5BDB70435E09AD /* GLUT.framework */; settings = {ATTRIBUTES = (CodeSignOnCopy, ); }; };
		1A0F936806616A58EF7FA768 /* Carbon.framework in Frameworks */ = {isa = PBXBuildFile; fileRef = C91FA372358EF8F17E77B3F1 /* Carbon.framework */; };
		BB63516CA71E411850D6B962 /* Carbon.framework in CopyFiles */ = {isa = PBXBuildFile; fileRef = C91FA372358EF8F17E77B3F1 /* Carbon.framework */; settings = {ATTRIBUTES = (CodeSignOnCopy, ); }; };
/* End PBXBuildFile section */

/* Begin PBXFileReference section */
		1E115A0D8A29413753D6D0D0 /* game.hpp */ = {isa = PBXFileReference; lastKnownFileType = sourcecode.cpp.h; name = "game.hpp"; path = "game.hpp"; sourceTree = "<group>"; };
		D6D8C3BAC2FE8D21AB4413ED /* input.hpp */ = {isa = PBXFileReference; lastKnownFileType = sourcecode.cpp.h; name = "input.hpp"; path = "input.hpp"; sourceTree = "<group>"; };
		691ED247D5E2D0379E480102 /* olcTemplate.hpp */ = {isa = PBXFileReference; lastKnownFileType = sourcecode.cpp.h; name = "olcTemplate.hpp"; path = "olcTemplate.hpp"; sourceTree = "<group>"; };
		FF57026E6B74F45E344C61CC /* olcPixelGameEngine.h */ = {isa = PBXFileReference; lastKnownFileType = sourcecode.c.h; name = "olcPixelGameEngine.h"; path = "olcPixelGameEngine.h"; sourceTree = "<group>"; };
		B496F57420549EABA91E8A13 /* olcPixelGameEngine.cpp */ = {isa = PBXFileReference; lastKnownFileType = sourcecode.cpp.cpp; name = "olcPixelGameEngine.cpp"; path = "olcPixelGameEngine.cpp"; sourceTree = "<group>"; };
		44A85FFC30E4626699F67A5D /* game.cpp */ = {isa = PBXFileReference; lastKnownFileType = sourcecode.cpp.cpp; name = "game.cpp"; path = "game.cpp"; sourceTree = "<group>"; };
		883FA482747BA7ECDD8DBFE3 /* main.cpp */ = {isa = PBXFileReference; lastKnownFileType = sourcecode.cpp.cpp; name = "main.cpp"; path = "main.cpp"; sourceTree = "<group>"; };
		1F6C270B8B868AACD4A89A40 /* olcTemplate.cpp */ = {isa = PBXFileReference; lastKnownFileType = sourcecode.cpp.cpp; name = "olcTemplate.cpp"; path = "olcTemplate.cpp"; sourceTree = "<group>"; };
		5C47D910C8AC6C9751850E70 /* render.hpp */ = {isa = PBXFileReference; lastKnownFileType = sourcecode.cpp.h; name = "render.hpp"; path = "render.hpp"; sourceTree = "<group>"; };
		613ED23ECD5835E0167B4574 /* state.hpp */ = {isa = PBXFileReference; lastKnownFileType = sourcecode.cpp.h; name = "state.hpp"; path = "state.hpp"; sourceTree = "<group>"; };
		35749070A1E2E5EFEACBA0EF /* OpenGL.framework */ = {isa = PBXFileReference; lastKnownFileType = wrapper.framework; name = "OpenGL.framework"; path = "/System/Library/Frameworks/OpenGL.framework"; sourceTree = "<absolute>"; };
		CE77CC303A5BDB70435E09AD /* GLUT.framework */ = {isa = PBXFileReference; lastKnownFileType = wrapper.framework; name = "GLUT.framework"; path = "/System/Library/Frameworks/GLUT.framework"; sourceTree = "<absolute>"; };
		C91FA372358EF8F17E77B3F1 /* Carbon.framework */ = {isa = PBXFileReference; lastKnownFileType = wrapper.framework; name = "Carbon.framework"; path = "/System/Library/Frameworks/Carbon.framework"; sourceTree = "<absolute>"; };
		E841427CD4D0CB457DEFDF40 /* OlcTemplate */ = {isa = PBXFileReference; explicitFileType = "compiled.mach-o.executable"; includeInIndex = 0; name = "OlcTemplate"; path = "OlcTemplate"; sourceTree = BUILT_PRODUCTS_DIR; };
/* End PBXFileReference section */

/* Begin PBXFrameworksBuildPhase section */
		FE2626546A4189F5B3639989 /* Frameworks */ = {
			isa = PBXFrameworksBuildPhase;
			buildActionMask = 2147483647;
			files = (
				0607E20FF258B9FFDB77F60F /* OpenGL.framework in Frameworks */,
				FF7D1AD6EB64DCCD94B542EB /* GLUT.framework in Frameworks */,
				1A0F936806616A58EF7FA768 /* Carbon.framework in Frameworks */,
			);
			runOnlyForDeploymentPostprocessing = 0;
		};
/* End PBXFrameworksBuildPhase section */

/* Begin PBXGroup section */
		5D6D9D7CC97ACB625261C74D /* OlcTemplate */ = {
			isa = PBXGroup;
			children = (
				FE14D64EEAA35F1893C27313 /* game */,
				B4E8B50820F6E3EEA9DCDFD9 /* Frameworks */,
				AEC855A21A8B892C633B18B9 /* Products */,
			);
			name = "OlcTemplate";
			path = "..";
			sourceTree = "<group>";
		};
		FE14D64EEAA35F1893C27313 /* game */ = {
			isa = PBXGroup;
			children = (
				1E115A0D8A29413753D6D0D0 /* game.hpp */,
				D6D8C3BAC2FE8D21AB4413ED /* input.hpp */,
				691ED247D5E2D0379E480102 /* olcTemplate.hpp */,
				E34029084F035D9298B3EB1E /* src */,
			);
			name = "game";
			path = "game";
			sourceTree = "<group>";
		};
		E34029084F035D9298B3EB1E /* src */ = {
			isa = PBXGroup;
			children = (
				894D2452759E0F949E02FE55 /* engine */,
				44A85FFC30E4626699F67A5D /* game.cpp */,
				883FA482747BA7ECDD8DBFE3 /* main.cpp */,
				1F6C270B8B868AACD4A89A40 /* olcTemplate.cpp */,
				96B93254820A1E96AB6E0C58 /* render */,
				9A74C83C0658D77C0F5B05B9 /* state */,
			);
			name = "src";
			path = "src";
			sourceTree = "<group>";
		};
		894D2452759E0F949E02FE55 /* engine */ = {
			isa = PBXGroup;
			children = (
				FF57026E6B74F45E344C61CC /* olcPixelGameEngine.h */,
				43D5DA982FBC9C90D80C03AE /* src */,
			);
			name = "engine";
			path = "engine";
			sourceTree = "<group>";
		};
		43D5DA982FBC9C90D80C03AE /* src */ = {
			isa = PBXGroup;
			children = (
				B496F57420549EABA91E8A13 /* olcPixelGameEngine.cpp */,
			);
			name = "src";
			path = "src";
			sourceTree = "<group>";
		};
		96B93254820A1E96AB6E0C58 /* render */ = {
			isa = PBXGroup;
			children = (
				5C47D910C8AC6C9751850E70 /* render.hpp */,
			);
			name = "render";
			path = "render";
			sourceTree = "<group>";
		};
		9A74C83C0658D77C0F5B05B9 /* state */ = {
			isa = PBXGroup;
			children = (
				613ED23ECD5835E0167B4574 /* state.hpp */,
			);
			name = "state";
			path = "state";
			sourceTree = "<group>";
		};
		B4E8B50820F6E3EEA9DCDFD9 /* Frameworks */ = {
			isa = PBXGroup;
			children = (
				35749070A1E2E5EFEACBA0EF /* OpenGL.framework */,
				CE77CC303A5BDB70435E09AD /* GLUT.framework */,
				C91FA372358EF8F17E77B3F1 /* Carbon.framework */,
			);
			name = "Frameworks";
			sourceTree = "<group>";
		};
		AEC855A21A8B892C633B18B9 /* Products */ = {
			isa = PBXGroup;
			children = (
				E841427CD4D0CB457DEFDF40 /* OlcTemplate */,
			);
			name = "Products";
			sourceTree = "<group>";
		};
/* End PBXGroup section */

/* Begin PBXNativeTarget section */
		CE94A8133AF68521C363CCD3 /* OlcTemplate */ = {
			isa = PBXNativeTarget;
			buildConfigurationList = 03284E106F42B1B1B864C145 /* Build configuration list for PBXNativeTarget "OlcTemplate" */;
			buildPhases = (
				DC58EE4E487351F091956184 /* Resources */,
				145E8AD18078ED72C99AFD06 /* Sources */,
				FE2626546A4189F5B3639989 /* Frameworks */,
			);
			buildRules = (
			);
			dependencies = (
			);
			name = "OlcTemplate";
			productInstallPath = "$(HOME)/bin";
			productName = "OlcTemplate";
			productReference = E841427CD4D0CB457DEFDF40 /* OlcTemplate */;
			productType = "com.apple.product-type.tool";
		};
/* End PBXNativeTarget section */

/* Begin PBXProject section */
		__RootObject_ /* Project object */ = {
			isa = PBXProject;
			buildConfigurationList = 1DEB928908733DD80010E9CD /* Build configuration list for PBXProject "OlcTemplate" */;
			compatibilityVersion = "Xcode 8.0";
			hasScannedForEncodings = 1;
			mainGroup = 5D6D9D7CC97ACB625261C74D /* OlcTemplate */;
			projectDirPath = "";
			projectRoot = "";
			targets = (
				CE94A8133AF68521C363CCD3 /* OlcTemplate */,
			);
		};
/* End PBXProject section */

/* Begin PBXResourcesBuildPhase section */
		DC58EE4E487351F091956184 /* Resources */ = {
			isa = PBXResourcesBuildPhase;
			buildActionMask = 2147483647;
			files = (
			);
			runOnlyForDeploymentPostprocessing = 0;
		};
/* End PBXResourcesBuildPhase section */

/* Begin PBXSourcesBuildPhase section */
		145E8AD18078ED72C99AFD06 /* Sources */ = {
			isa = PBXSourcesBuildPhase;
			buildActionMask = 2147483647;
			files = (
				25680E971169A2113A310F96 /* olcPixelGameEngine.cpp in Sources */,
				8C947783F823396E01201A86 /* game.cpp in Sources */,
				593EB331C5CD741CCEC95534 /* main.cpp in Sources */,
				30F261691C70B2020568709A /* olcTemplate.cpp in Sources */,
			);
			runOnlyForDeploymentPostprocessing = 0;
		};
/* End PBXSourcesBuildPhase section */

/* Begin PBXVariantGroup section */
/* End PBXVariantGroup section */

/* Begin XCBuildConfiguration section */
		1EF3C6470AAEB6F3B3652F3E /* Debug */ = {
			isa = XCBuildConfiguration;
			buildSettings = {
				ALWAYS_SEARCH_USER_PATHS = NO;
				CLANG_ENABLE_OBJC_WEAK = YES;
				CODE_SIGN_IDENTITY = "-";
				CONFIGURATION_BUILD_DIR = bin/Debug;
				GCC_DYNAMIC_NO_PIC = NO;
				GCC_MODEL_TUNING = G5;
				INSTALL_PATH = /usr/local/bin;
				PRODUCT_NAME = OlcTemplate;
			};
			name = Debug;
		};
		17C0D06E83CDFE540CB4FA3F /* Test */ = {
			isa = XCBuildConfiguration;
			buildSettings = {
				ALWAYS_SEARCH_USER_PATHS = NO;
				CLANG_ENABLE_OBJC_WEAK = YES;
				CODE_SIGN_IDENTITY = "-";
				CONFIGURATION_BUILD_DIR = bin/Test;
				GCC_DYNAMIC_NO_PIC = NO;
				GCC_MODEL_TUNING = G5;
				INSTALL_PATH = /usr/local/bin;
				PRODUCT_NAME = OlcTemplate;
			};
			name = Test;
		};
		D8A9AB8BC4CF75F2AD15FBBD /* Release */ = {
			isa = XCBuildConfiguration;
			buildSettings = {
				ALWAYS_SEARCH_USER_PATHS = NO;
				CLANG_ENABLE_OBJC_WEAK = YES;
				CODE_SIGN_IDENTITY = "-";
				CONFIGURATION_BUILD_DIR = bin/Release;
				DEBUG_INFORMATION_FORMAT = "dwarf-with-dsym";
				GCC_DYNAMIC_NO_PIC = NO;
				GCC_MODEL_TUNING = G5;
				INSTALL_PATH = /usr/local/bin;
				PRODUCT_NAME = OlcTemplate;
			};
			name = Release;
		};
		CE9B9386BA035A54236F6E6A /* Debug */ = {
			isa = XCBuildConfiguration;
			buildSettings = {
				CLANG_CXX_LANGUAGE_STANDARD = "c++17";
				CLANG_WARN_BLOCK_CAPTURE_AUTORELEASING = YES;
				CLANG_WARN_BOOL_CONVERSION = YES;
				CLANG_WARN_COMMA = YES;
				CLANG_WARN_CONSTANT_CONVERSION = YES;
				CLANG_WARN_DEPRECATED_OBJC_IMPLEMENTATIONS = YES;
				CLANG_WARN_EMPTY_BODY = YES;
				CLANG_WARN_ENUM_CONVERSION = YES;
				CLANG_WARN_INFINITE_RECURSION = YES;
				CLANG_WARN_INT_CONVERSION = YES;
				CLANG_WARN_NON_LITERAL_NULL_CONVERSION = YES;
				CLANG_WARN_OBJC_IMPLICIT_RETAIN_SELF = YES;
				CLANG_WARN_OBJC_LITERAL_CONVERSION = YES;
				CLANG_WARN_RANGE_LOOP_ANALYSIS = YES;
				CLANG_WARN_STRICT_PROTOTYPES = YES;
				CLANG_WARN_SUSPICIOUS_MOVE = YES;
				CLANG_WARN_UNREACHABLE_CODE = YES;
				CLANG_WARN__DUPLICATE_METHOD_MATCH = YES;
				CONFIGURATION_BUILD_DIR = "$(SYMROOT)";
				CONFIGURATION_TEMP_DIR = "$(OBJROOT)";
				COPY_PHASE_STRIP = NO;
				ENABLE_BITCODE = NO;
				ENABLE_STRICT_OBJC_MSGSEND = YES;
				ENABLE_TESTABILITY = YES;
				GCC_C_LANGUAGE_STANDARD = gnu99;
				GCC_ENABLE_FIX_AND_CONTINUE = YES;
				GCC_NO_COMMON_BLOCKS = YES;
				GCC_OPTIMIZATION_LEVEL = 0;
				GCC_SYMBOLS_PRIVATE_EXTERN = NO;
				GCC_WARN_64_TO_32_BIT_CONVERSION = YES;
				GCC_WARN_ABOUT_RETURN_TYPE = YES;
				GCC_WARN_UNDECLARED_SELECTOR = YES;
				GCC_WARN_UNINITIALIZED_AUTOS = YES;
				GCC_WARN_UNUSED_FUNCTION = YES;
				GCC_WARN_UNUSED_VARIABLE = YES;
				HEADER_SEARCH_PATHS = (
					..,
					../../../../../opt/homebrew/include,
				);
				LIBRARY_SEARCH_PATHS = (
					../../../../../opt/homebrew/lib,
				);
				OBJROOT = obj/Debug;
				ONLY_ACTIVE_ARCH = YES;
				OTHER_CPLUSPLUSFLAGS = (
					"-Wall",
				);
				OTHER_LDFLAGS = (
					"-lfreetype",
					"-lpng",
				);
				SDKROOT = macosx;
				SYMROOT = bin/Debug;
			};
			name = Debug;
		};
		48FE6EB3B418D254FD3AE2E8 /* Test */ = {
			isa = XCBuildConfiguration;
			buildSettings = {
				CLANG_CXX_LANGUAGE_STANDARD = "c++17";
				CLANG_WARN_BLOCK_CAPTURE_AUTORELEASING = YES;
				CLANG_WARN_BOOL_CONVERSION = YES;
				CLANG_WARN_COMMA = YES;
				CLANG_WARN_CONSTANT_CONVERSION = YES;
				CLANG_WARN_DEPRECATED_OBJC_IMPLEMENTATIONS = YES;
				CLANG_WARN_EMPTY_BODY = YES;
				CLANG_WARN_ENUM_CONVERSION = YES;
				CLANG_WARN_INFINITE_RECURSION = YES;
				CLANG_WARN_INT_CONVERSION = YES;
				CLANG_WARN_NON_LITERAL_NULL_CONVERSION = YES;
				CLANG_WARN_OBJC_IMPLICIT_RETAIN_SELF = YES;
				CLANG_WARN_OBJC_LITERAL_CONVERSION = YES;
				CLANG_WARN_RANGE_LOOP_ANALYSIS = YES;
				CLANG_WARN_STRICT_PROTOTYPES = YES;
				CLANG_WARN_SUSPICIOUS_MOVE = YES;
				CLANG_WARN_UNREACHABLE_CODE = YES;
				CLANG_WARN__DUPLICATE_METHOD_MATCH = YES;
				CONFIGURATION_BUILD_DIR = "$(SYMROOT)";
				CONFIGURATION_TEMP_DIR = "$(OBJROOT)";
				COPY_PHASE_STRIP = NO;
				ENABLE_BITCODE = NO;
				ENABLE_STRICT_OBJC_MSGSEND = YES;
				ENABLE_TESTABILITY = YES;
				GCC_C_LANGUAGE_STANDARD = gnu99;
				GCC_ENABLE_FIX_AND_CONTINUE = YES;
				GCC_NO_COMMON_BLOCKS = YES;
				GCC_OPTIMIZATION_LEVEL = 0;
				GCC_PREPROCESSOR_DEFINITIONS = (
					RUN_TESTS,
				);
				GCC_SYMBOLS_PRIVATE_EXTERN = NO;
				GCC_WARN_64_TO_32_BIT_CONVERSION = YES;
				GCC_WARN_ABOUT_RETURN_TYPE = YES;
				GCC_WARN_UNDECLARED_SELECTOR = YES;
				GCC_WARN_UNINITIALIZED_AUTOS = YES;
				GCC_WARN_UNUSED_FUNCTION = YES;
				GCC_WARN_UNUSED_VARIABLE = YES;
				HEADER_SEARCH_PATHS = (
					..,
					../../../../../opt/homebrew/include,
				);
				LIBRARY_SEARCH_PATHS = (
					../../../../../opt/homebrew/lib,
				);
				OBJROOT = obj/Test;
				ONLY_ACTIVE_ARCH = YES;
				OTHER_CPLUSPLUSFLAGS = (
					"-Wall",
				);
				OTHER_LDFLAGS = (
					"-lfreetype",
					"-lpng",
				);
				SDKROOT = macosx;
				SYMROOT = bin/Test;
			};
			name = Test;
		};
		4ACE027B36E102D4DFCADFC0 /* Release */ = {
			isa = XCBuildConfiguration;
			buildSettings = {
				CLANG_CXX_LANGUAGE_STANDARD = "c++17";
				CLANG_WARN_BLOCK_CAPTURE_AUTORELEASING = YES;
				CLANG_WARN_BOOL_CONVERSION = YES;
				CLANG_WARN_COMMA = YES;
				CLANG_WARN_CONSTANT_CONVERSION = YES;
				CLANG_WARN_DEPRECATED_OBJC_IMPLEMENTATIONS = YES;
				CLANG_WARN_EMPTY_BODY = YES;
				CLANG_WARN_ENUM_CONVERSION = YES;
				CLANG_WARN_INFINITE_RECURSION = YES;
				CLANG_WARN_INT_CONVERSION = YES;
				CLANG_WARN_NON_LITERAL_NULL_CONVERSION = YES;
				CLANG_WARN_OBJC_IMPLICIT_RETAIN_SELF = YES;
				CLANG_WARN_OBJC_LITERAL_CONVERSION = YES;
				CLANG_WARN_RANGE_LOOP_ANALYSIS = YES;
				CLANG_WARN_STRICT_PROTOTYPES = YES;
				CLANG_WARN_SUSPICIOUS_MOVE = YES;
				CLANG_WARN_UNREACHABLE_CODE = YES;
				CLANG_WARN__DUPLICATE_METHOD_MATCH = YES;
				CONFIGURATION_BUILD_DIR = "$(SYMROOT)";
				CONFIGURATION_TEMP_DIR = "$(OBJROOT)";
				ENABLE_BITCODE = NO;
				ENABLE_STRICT_OBJC_MSGSEND = YES;
				ENABLE_TESTABILITY = YES;
				GCC_C_LANGUAGE_STANDARD = gnu99;
				GCC_NO_COMMON_BLOCKS = YES;
				GCC_OPTIMIZATION_LEVEL = 3;
				GCC_SYMBOLS_PRIVATE_EXTERN = NO;
				GCC_WARN_64_TO_32_BIT_CONVERSION = YES;
				GCC_WARN_ABOUT_RETURN_TYPE = YES;
				GCC_WARN_UNDECLARED_SELECTOR = YES;
				GCC_WARN_UNINITIALIZED_AUTOS = YES;
				GCC_WARN_UNUSED_FUNCTION = YES;
				GCC_WARN_UNUSED_VARIABLE = YES;
				HEADER_SEARCH_PATHS = (
					..,
					..,
					../../../../../opt/homebrew/include,
				);
				LIBRARY_SEARCH_PATHS = (
					../../../../../opt/homebrew/lib,
				);
				OBJROOT = obj/Release;
				ONLY_ACTIVE_ARCH = YES;
				OTHER_CPLUSPLUSFLAGS = (
					"-Wall",
				);
				OTHER_LDFLAGS = (
					"-lfreetype",
					"-lpng",
				);
				SDKROOT = macosx;
				SYMROOT = bin/Release;
			};
			name = Release;
		};
/* End XCBuildConfiguration section */

/* Begin XCConfigurationList section */
		03284E106F42B1B1B864C145 /* Build configuration list for PBXNativeTarget "OlcTemplate" */ = {
			isa = XCConfigurationList;
			buildConfigurations = (
				1EF3C6470AAEB6F3B3652F3E /* Debug */,
				17C0D06E83CDFE540CB4FA3F /* Test */,
				D8A9AB8BC4CF75F2AD15FBBD /* Release */,
			);
			defaultConfigurationIsVisible = 0;
			defaultConfigurationName = "Debug";
		};
		1DEB928908733DD80010E9CD /* Build configuration list for PBXProject "OlcTemplate" */ = {
			isa = XCConfigurationList;
			buildConfigurations = (
				CE9B9386BA035A54236F6E6A /* Debug */,
				48FE6EB3B418D254FD3AE2E8 /* Test */,
				4ACE027B36E102D4DFCADFC0 /* Release */,
			);
			defaultConfigurationIsVisible = 0;
			defaultConfigurationName = "Debug";
		};
/* End XCConfigurationList section */

	};
	rootObject = __RootObject_ /* Project object */;
}
